
Microsoft Visual Studio Solution File, Format Version 12.00
Project("{FAE04EC0-301F-11D3-BF4B-00C04F79EFBC}") = "Client", "src\Client\Client.csproj", "{873F0C18-2BBD-4DC5-A1E9-EDEC18708B8D}"
EndProject
Project("{FAE04EC0-301F-11D3-BF4B-00C04F79EFBC}") = "Server", "src\Server\Server.csproj", "{DC328123-DD34-49DD-9D00-307B77A1173A}"
EndProject
Project("{FAE04EC0-301F-11D3-BF4B-00C04F79EFBC}") = "Server.SignalR", "src\Server.SignalR\Server.SignalR.csproj", "{FA327FA2-0BA2-43F1-8E0A-10D6F1CB5ECC}"
EndProject
Project("{FAE04EC0-301F-11D3-BF4B-00C04F79EFBC}") = "Server.Kafka", "src\Server.Kafka\Server.Kafka.csproj", "{78ABD6F1-CEC3-40F7-98B2-A1B1CDBB966E}"
EndProject
Project("{FAE04EC0-301F-11D3-BF4B-00C04F79EFBC}") = "Server.Database", "src\Server.Database\Server.Database.csproj", "{3562E73C-482F-45F1-B39F-A0FF22F44B6E}"
EndProject
Project("{FAE04EC0-301F-11D3-BF4B-00C04F79EFBC}") = "Server.Business", "src\Server.Business\Server.Business.csproj", "{D0C38CC3-957D-4F2D-A972-2B8C098C44B2}"
EndProject
Project("{FAE04EC0-301F-11D3-BF4B-00C04F79EFBC}") = "Client.Storage", "src\Client.Storage\Client.Storage.csproj", "{31F7ADF2-48EB-42D3-9359-4DE812A4CE26}"
EndProject
Project("{2150E333-8FDC-42A3-9474-1A3956D46DE8}") = "Client", "Client", "{E3531002-D922-49AD-B9A4-69F973F8FA61}"
EndProject
Project("{2150E333-8FDC-42A3-9474-1A3956D46DE8}") = "Server", "Server", "{077B0D72-BF62-477F-9DED-FB1A4C3C581E}"
EndProject
Project("{FAE04EC0-301F-11D3-BF4B-00C04F79EFBC}") = "Server.Utils", "src\Server.Utils\Server.Utils.csproj", "{CBAF0170-0CC9-434F-91E2-C735ADD5BA0A}"
EndProject
Project("{FAE04EC0-301F-11D3-BF4B-00C04F79EFBC}") = "Common", "src\Common\Common.csproj", "{FB551592-CCE5-4FA8-A52B-B3194A4FECB4}"
EndProject
Project("{FAE04EC0-301F-11D3-BF4B-00C04F79EFBC}") = "Deploy", "Deploy.proj", "{906A23E6-A61F-478A-B61A-CB7726AAF13E}"
EndProject
Project("{FAE04EC0-301F-11D3-BF4B-00C04F79EFBC}") = "Server.MassTransit", "src\Server.MassTransit\Server.MassTransit.csproj", "{84CB28B2-B0AB-4C12-A460-CBEDEC92DD28}"
EndProject
Project("{FAE04EC0-301F-11D3-BF4B-00C04F79EFBC}") = "Server.Configuration", "src\Server.Configuration\Server.Configuration.csproj", "{A4E65938-549C-4619-A686-DBE3AAD36E4E}"
EndProject
Project("{FAE04EC0-301F-11D3-BF4B-00C04F79EFBC}") = "Server.Redis", "src\Server.Redis\Server.Redis.csproj", "{3DEF8EE5-BA50-4982-8DBE-D8CD31F459A0}"
EndProject
Project("{2150E333-8FDC-42A3-9474-1A3956D46DE8}") = "_SolutionItems", "_SolutionItems", "{C6E0ED82-678A-4B03-96A5-EB9BA25D3976}"
EndProject
Global
	GlobalSection(SolutionConfigurationPlatforms) = preSolution
		Debug|Any CPU = Debug|Any CPU
		Release|Any CPU = Release|Any CPU
	EndGlobalSection
	GlobalSection(ProjectConfigurationPlatforms) = postSolution
		{873F0C18-2BBD-4DC5-A1E9-EDEC18708B8D}.Debug|Any CPU.ActiveCfg = Debug|Any CPU
		{873F0C18-2BBD-4DC5-A1E9-EDEC18708B8D}.Debug|Any CPU.Build.0 = Debug|Any CPU
		{873F0C18-2BBD-4DC5-A1E9-EDEC18708B8D}.Release|Any CPU.ActiveCfg = Release|Any CPU
		{873F0C18-2BBD-4DC5-A1E9-EDEC18708B8D}.Release|Any CPU.Build.0 = Release|Any CPU
		{DC328123-DD34-49DD-9D00-307B77A1173A}.Debug|Any CPU.ActiveCfg = Debug|Any CPU
		{DC328123-DD34-49DD-9D00-307B77A1173A}.Debug|Any CPU.Build.0 = Debug|Any CPU
		{DC328123-DD34-49DD-9D00-307B77A1173A}.Release|Any CPU.ActiveCfg = Release|Any CPU
		{DC328123-DD34-49DD-9D00-307B77A1173A}.Release|Any CPU.Build.0 = Release|Any CPU
		{FA327FA2-0BA2-43F1-8E0A-10D6F1CB5ECC}.Debug|Any CPU.ActiveCfg = Debug|Any CPU
		{FA327FA2-0BA2-43F1-8E0A-10D6F1CB5ECC}.Debug|Any CPU.Build.0 = Debug|Any CPU
		{FA327FA2-0BA2-43F1-8E0A-10D6F1CB5ECC}.Release|Any CPU.ActiveCfg = Release|Any CPU
		{FA327FA2-0BA2-43F1-8E0A-10D6F1CB5ECC}.Release|Any CPU.Build.0 = Release|Any CPU
		{78ABD6F1-CEC3-40F7-98B2-A1B1CDBB966E}.Debug|Any CPU.ActiveCfg = Debug|Any CPU
		{78ABD6F1-CEC3-40F7-98B2-A1B1CDBB966E}.Debug|Any CPU.Build.0 = Debug|Any CPU
		{78ABD6F1-CEC3-40F7-98B2-A1B1CDBB966E}.Release|Any CPU.ActiveCfg = Release|Any CPU
		{78ABD6F1-CEC3-40F7-98B2-A1B1CDBB966E}.Release|Any CPU.Build.0 = Release|Any CPU
		{3562E73C-482F-45F1-B39F-A0FF22F44B6E}.Debug|Any CPU.ActiveCfg = Debug|Any CPU
		{3562E73C-482F-45F1-B39F-A0FF22F44B6E}.Debug|Any CPU.Build.0 = Debug|Any CPU
		{3562E73C-482F-45F1-B39F-A0FF22F44B6E}.Release|Any CPU.ActiveCfg = Release|Any CPU
		{3562E73C-482F-45F1-B39F-A0FF22F44B6E}.Release|Any CPU.Build.0 = Release|Any CPU
		{D0C38CC3-957D-4F2D-A972-2B8C098C44B2}.Debug|Any CPU.ActiveCfg = Debug|Any CPU
		{D0C38CC3-957D-4F2D-A972-2B8C098C44B2}.Debug|Any CPU.Build.0 = Debug|Any CPU
		{D0C38CC3-957D-4F2D-A972-2B8C098C44B2}.Release|Any CPU.ActiveCfg = Release|Any CPU
		{D0C38CC3-957D-4F2D-A972-2B8C098C44B2}.Release|Any CPU.Build.0 = Release|Any CPU
		{31F7ADF2-48EB-42D3-9359-4DE812A4CE26}.Debug|Any CPU.ActiveCfg = Debug|Any CPU
		{31F7ADF2-48EB-42D3-9359-4DE812A4CE26}.Debug|Any CPU.Build.0 = Debug|Any CPU
		{31F7ADF2-48EB-42D3-9359-4DE812A4CE26}.Release|Any CPU.ActiveCfg = Release|Any CPU
		{31F7ADF2-48EB-42D3-9359-4DE812A4CE26}.Release|Any CPU.Build.0 = Release|Any CPU
		{CBAF0170-0CC9-434F-91E2-C735ADD5BA0A}.Debug|Any CPU.ActiveCfg = Debug|Any CPU
		{CBAF0170-0CC9-434F-91E2-C735ADD5BA0A}.Debug|Any CPU.Build.0 = Debug|Any CPU
		{CBAF0170-0CC9-434F-91E2-C735ADD5BA0A}.Release|Any CPU.ActiveCfg = Release|Any CPU
		{CBAF0170-0CC9-434F-91E2-C735ADD5BA0A}.Release|Any CPU.Build.0 = Release|Any CPU
		{FB551592-CCE5-4FA8-A52B-B3194A4FECB4}.Debug|Any CPU.ActiveCfg = Debug|Any CPU
		{FB551592-CCE5-4FA8-A52B-B3194A4FECB4}.Debug|Any CPU.Build.0 = Debug|Any CPU
		{FB551592-CCE5-4FA8-A52B-B3194A4FECB4}.Release|Any CPU.ActiveCfg = Release|Any CPU
		{FB551592-CCE5-4FA8-A52B-B3194A4FECB4}.Release|Any CPU.Build.0 = Release|Any CPU
		{84CB28B2-B0AB-4C12-A460-CBEDEC92DD28}.Debug|Any CPU.ActiveCfg = Debug|Any CPU
		{84CB28B2-B0AB-4C12-A460-CBEDEC92DD28}.Debug|Any CPU.Build.0 = Debug|Any CPU
		{84CB28B2-B0AB-4C12-A460-CBEDEC92DD28}.Release|Any CPU.ActiveCfg = Release|Any CPU
		{84CB28B2-B0AB-4C12-A460-CBEDEC92DD28}.Release|Any CPU.Build.0 = Release|Any CPU
		{A4E65938-549C-4619-A686-DBE3AAD36E4E}.Debug|Any CPU.ActiveCfg = Debug|Any CPU
		{A4E65938-549C-4619-A686-DBE3AAD36E4E}.Debug|Any CPU.Build.0 = Debug|Any CPU
		{A4E65938-549C-4619-A686-DBE3AAD36E4E}.Release|Any CPU.ActiveCfg = Release|Any CPU
		{A4E65938-549C-4619-A686-DBE3AAD36E4E}.Release|Any CPU.Build.0 = Release|Any CPU
		{3DEF8EE5-BA50-4982-8DBE-D8CD31F459A0}.Debug|Any CPU.ActiveCfg = Debug|Any CPU
		{3DEF8EE5-BA50-4982-8DBE-D8CD31F459A0}.Debug|Any CPU.Build.0 = Debug|Any CPU
		{3DEF8EE5-BA50-4982-8DBE-D8CD31F459A0}.Release|Any CPU.ActiveCfg = Release|Any CPU
		{3DEF8EE5-BA50-4982-8DBE-D8CD31F459A0}.Release|Any CPU.Build.0 = Release|Any CPU
	EndGlobalSection
	GlobalSection(NestedProjects) = preSolution
		{873F0C18-2BBD-4DC5-A1E9-EDEC18708B8D} = {E3531002-D922-49AD-B9A4-69F973F8FA61}
		{31F7ADF2-48EB-42D3-9359-4DE812A4CE26} = {E3531002-D922-49AD-B9A4-69F973F8FA61}
		{DC328123-DD34-49DD-9D00-307B77A1173A} = {077B0D72-BF62-477F-9DED-FB1A4C3C581E}
		{D0C38CC3-957D-4F2D-A972-2B8C098C44B2} = {077B0D72-BF62-477F-9DED-FB1A4C3C581E}
		{3562E73C-482F-45F1-B39F-A0FF22F44B6E} = {077B0D72-BF62-477F-9DED-FB1A4C3C581E}
		{78ABD6F1-CEC3-40F7-98B2-A1B1CDBB966E} = {077B0D72-BF62-477F-9DED-FB1A4C3C581E}
		{FA327FA2-0BA2-43F1-8E0A-10D6F1CB5ECC} = {077B0D72-BF62-477F-9DED-FB1A4C3C581E}
		{CBAF0170-0CC9-434F-91E2-C735ADD5BA0A} = {077B0D72-BF62-477F-9DED-FB1A4C3C581E}
		{84CB28B2-B0AB-4C12-A460-CBEDEC92DD28} = {077B0D72-BF62-477F-9DED-FB1A4C3C581E}
		{A4E65938-549C-4619-A686-DBE3AAD36E4E} = {077B0D72-BF62-477F-9DED-FB1A4C3C581E}
		{3DEF8EE5-BA50-4982-8DBE-D8CD31F459A0} = {077B0D72-BF62-477F-9DED-FB1A4C3C581E}
	EndGlobalSection
EndGlobal
