
Microsoft Visual Studio Solution File, Format Version 12.00
Project("{FAE04EC0-301F-11D3-BF4B-00C04F79EFBC}") = "Shared", "src\Shared\Shared.csproj", "{A2BA0636-9960-4F37-9377-BC1B57F2CDD5}"
EndProject
Project("{FAE04EC0-301F-11D3-BF4B-00C04F79EFBC}") = "Client", "src\Client\Client.csproj", "{873F0C18-2BBD-4DC5-A1E9-EDEC18708B8D}"
EndProject
Project("{FAE04EC0-301F-11D3-BF4B-00C04F79EFBC}") = "Server", "src\Server\Server.csproj", "{DC328123-DD34-49DD-9D00-307B77A1173A}"
EndProject
Project("{FAE04EC0-301F-11D3-BF4B-00C04F79EFBC}") = "Server.SignalR", "src\Server.SignalR\Server.SignalR.csproj", "{FA327FA2-0BA2-43F1-8E0A-10D6F1CB5ECC}"
EndProject
Project("{FAE04EC0-301F-11D3-BF4B-00C04F79EFBC}") = "Server.Kafka", "src\Server.Kafka\Server.Kafka.csproj", "{78ABD6F1-CEC3-40F7-98B2-A1B1CDBB966E}"
EndProject
Project("{FAE04EC0-301F-11D3-BF4B-00C04F79EFBC}") = "Server.Database", "src\Server.Database\Server.Database.csproj", "{3562E73C-482F-45F1-B39F-A0FF22F44B6E}"
EndProject
Project("{FAE04EC0-301F-11D3-BF4B-00C04F79EFBC}") = "Server.Business", "src\Server.Business\Server.Business.csproj", "{D0C38CC3-957D-4F2D-A972-2B8C098C44B2}"
EndProject
Global
	GlobalSection(SolutionConfigurationPlatforms) = preSolution
		Debug|Any CPU = Debug|Any CPU
		Release|Any CPU = Release|Any CPU
	EndGlobalSection
	GlobalSection(ProjectConfigurationPlatforms) = postSolution
		{A2BA0636-9960-4F37-9377-BC1B57F2CDD5}.Debug|Any CPU.ActiveCfg = Debug|Any CPU
		{A2BA0636-9960-4F37-9377-BC1B57F2CDD5}.Debug|Any CPU.Build.0 = Debug|Any CPU
		{A2BA0636-9960-4F37-9377-BC1B57F2CDD5}.Release|Any CPU.ActiveCfg = Release|Any CPU
		{A2BA0636-9960-4F37-9377-BC1B57F2CDD5}.Release|Any CPU.Build.0 = Release|Any CPU
		{873F0C18-2BBD-4DC5-A1E9-EDEC18708B8D}.Debug|Any CPU.ActiveCfg = Debug|Any CPU
		{873F0C18-2BBD-4DC5-A1E9-EDEC18708B8D}.Debug|Any CPU.Build.0 = Debug|Any CPU
		{873F0C18-2BBD-4DC5-A1E9-EDEC18708B8D}.Release|Any CPU.ActiveCfg = Release|Any CPU
		{873F0C18-2BBD-4DC5-A1E9-EDEC18708B8D}.Release|Any CPU.Build.0 = Release|Any CPU
		{DC328123-DD34-49DD-9D00-307B77A1173A}.Debug|Any CPU.ActiveCfg = Debug|Any CPU
		{DC328123-DD34-49DD-9D00-307B77A1173A}.Debug|Any CPU.Build.0 = Debug|Any CPU
		{DC328123-DD34-49DD-9D00-307B77A1173A}.Release|Any CPU.ActiveCfg = Release|Any CPU
		{DC328123-DD34-49DD-9D00-307B77A1173A}.Release|Any CPU.Build.0 = Release|Any CPU
		{FA327FA2-0BA2-43F1-8E0A-10D6F1CB5ECC}.Debug|Any CPU.ActiveCfg = Debug|Any CPU
		{FA327FA2-0BA2-43F1-8E0A-10D6F1CB5ECC}.Debug|Any CPU.Build.0 = Debug|Any CPU
		{FA327FA2-0BA2-43F1-8E0A-10D6F1CB5ECC}.Release|Any CPU.ActiveCfg = Release|Any CPU
		{FA327FA2-0BA2-43F1-8E0A-10D6F1CB5ECC}.Release|Any CPU.Build.0 = Release|Any CPU
		{78ABD6F1-CEC3-40F7-98B2-A1B1CDBB966E}.Debug|Any CPU.ActiveCfg = Debug|Any CPU
		{78ABD6F1-CEC3-40F7-98B2-A1B1CDBB966E}.Debug|Any CPU.Build.0 = Debug|Any CPU
		{78ABD6F1-CEC3-40F7-98B2-A1B1CDBB966E}.Release|Any CPU.ActiveCfg = Release|Any CPU
		{78ABD6F1-CEC3-40F7-98B2-A1B1CDBB966E}.Release|Any CPU.Build.0 = Release|Any CPU
		{3562E73C-482F-45F1-B39F-A0FF22F44B6E}.Debug|Any CPU.ActiveCfg = Debug|Any CPU
		{3562E73C-482F-45F1-B39F-A0FF22F44B6E}.Debug|Any CPU.Build.0 = Debug|Any CPU
		{3562E73C-482F-45F1-B39F-A0FF22F44B6E}.Release|Any CPU.ActiveCfg = Release|Any CPU
		{3562E73C-482F-45F1-B39F-A0FF22F44B6E}.Release|Any CPU.Build.0 = Release|Any CPU
		{D0C38CC3-957D-4F2D-A972-2B8C098C44B2}.Debug|Any CPU.ActiveCfg = Debug|Any CPU
		{D0C38CC3-957D-4F2D-A972-2B8C098C44B2}.Debug|Any CPU.Build.0 = Debug|Any CPU
		{D0C38CC3-957D-4F2D-A972-2B8C098C44B2}.Release|Any CPU.ActiveCfg = Release|Any CPU
		{D0C38CC3-957D-4F2D-A972-2B8C098C44B2}.Release|Any CPU.Build.0 = Release|Any CPU
	EndGlobalSection
	GlobalSection(NestedProjects) = preSolution
	EndGlobalSection
EndGlobal
