
Microsoft Visual Studio Solution File, Format Version 12.00
# Visual Studio Version 16
VisualStudioVersion = 16.0.31613.86
MinimumVisualStudioVersion = 10.0.40219.1
Project("{9A19103F-16F7-4668-BE54-9A1E7A4F7556}") = "NotificationProvider.Functions", "NotificationProvider.Functions\NotificationProvider.Functions.csproj", "{7E445153-06B7-4531-89E4-406D1285983F}"
EndProject
Project("{2150E333-8FDC-42A3-9474-1A3956D46DE8}") = "Solution Items", "Solution Items", "{61EA4A4F-411E-493E-8B81-6FEB64B7464B}"
	ProjectSection(SolutionItems) = preProject
		.editorconfig = .editorconfig
		.gitignore = .gitignore
	EndProjectSection
EndProject
Project("{151D2E53-A2C4-4D7D-83FE-D05416EBD58E}") = "AzureResourceGroup", "AzureResourceGroup\AzureResourceGroup.deployproj", "{E686D837-ABD9-4BD9-8DD4-5B65F25ECACC}"
EndProject
Global
	GlobalSection(SolutionConfigurationPlatforms) = preSolution
		Debug|Any CPU = Debug|Any CPU
		Release|Any CPU = Release|Any CPU
	EndGlobalSection
	GlobalSection(ProjectConfigurationPlatforms) = postSolution
		{7E445153-06B7-4531-89E4-406D1285983F}.Debug|Any CPU.ActiveCfg = Debug|Any CPU
		{7E445153-06B7-4531-89E4-406D1285983F}.Debug|Any CPU.Build.0 = Debug|Any CPU
		{7E445153-06B7-4531-89E4-406D1285983F}.Release|Any CPU.ActiveCfg = Release|Any CPU
		{7E445153-06B7-4531-89E4-406D1285983F}.Release|Any CPU.Build.0 = Release|Any CPU
		{E686D837-ABD9-4BD9-8DD4-5B65F25ECACC}.Debug|Any CPU.ActiveCfg = Debug|Any CPU
		{E686D837-ABD9-4BD9-8DD4-5B65F25ECACC}.Debug|Any CPU.Build.0 = Debug|Any CPU
		{E686D837-ABD9-4BD9-8DD4-5B65F25ECACC}.Release|Any CPU.ActiveCfg = Release|Any CPU
		{E686D837-ABD9-4BD9-8DD4-5B65F25ECACC}.Release|Any CPU.Build.0 = Release|Any CPU
	EndGlobalSection
	GlobalSection(SolutionProperties) = preSolution
		HideSolutionNode = FALSE
	EndGlobalSection
	GlobalSection(ExtensibilityGlobals) = postSolution
		SolutionGuid = {E34F0C8A-CCA4-4163-879D-5936A7BAA817}
	EndGlobalSection
EndGlobal
